// !$*UTF8*$!
{
	archiveVersion = 1;
	classes = {
	};
	objectVersion = 46;
	objects = {

/* Begin PBXBuildFile section */
		00E1D2D51E8E0704009C500C /* main.m in Sources */ = {isa = PBXBuildFile; fileRef = 00E1D2D41E8E0704009C500C /* main.m */; };
		00E1D2D81E8E0704009C500C /* AppDelegate.m in Sources */ = {isa = PBXBuildFile; fileRef = 00E1D2D71E8E0704009C500C /* AppDelegate.m */; };
		00E1D2DB1E8E0704009C500C /* ViewController.m in Sources */ = {isa = PBXBuildFile; fileRef = 00E1D2DA1E8E0704009C500C /* ViewController.m */; };
		00E1D2DE1E8E0704009C500C /* Main.storyboard in Resources */ = {isa = PBXBuildFile; fileRef = 00E1D2DC1E8E0704009C500C /* Main.storyboard */; };
		00E1D2E01E8E0704009C500C /* Assets.xcassets in Resources */ = {isa = PBXBuildFile; fileRef = 00E1D2DF1E8E0704009C500C /* Assets.xcassets */; };
		00E1D2E31E8E0704009C500C /* LaunchScreen.storyboard in Resources */ = {isa = PBXBuildFile; fileRef = 00E1D2E11E8E0704009C500C /* LaunchScreen.storyboard */; };
		00E1D2ED1E8E0745009C500C /* KYNetworkManager.m in Sources */ = {isa = PBXBuildFile; fileRef = 00E1D2EC1E8E0745009C500C /* KYNetworkManager.m */; };
		00E1D2F01E8E08C1009C500C /* KYNetworkCache.m in Sources */ = {isa = PBXBuildFile; fileRef = 00E1D2EF1E8E08C1009C500C /* KYNetworkCache.m */; };
		00E1D2F31E8E38A3009C500C /* KYNetworkLogger.m in Sources */ = {isa = PBXBuildFile; fileRef = 00E1D2F21E8E38A3009C500C /* KYNetworkLogger.m */; };
		00E1D2F81E8E3D57009C500C /* KYNetworkConfig.m in Sources */ = {isa = PBXBuildFile; fileRef = 00E1D2F71E8E3D57009C500C /* KYNetworkConfig.m */; };
		FDDB250A736C0687C8AA2546 /* libPods-KYNetworkManager.a in Frameworks */ = {isa = PBXBuildFile; fileRef = 79209238CA1BE53BD9F6E4BB /* libPods-KYNetworkManager.a */; };
/* End PBXBuildFile section */

/* Begin PBXFileReference section */
		00E1D2D01E8E0704009C500C /* KYNetworkManager.app */ = {isa = PBXFileReference; explicitFileType = wrapper.application; includeInIndex = 0; path = KYNetworkManager.app; sourceTree = BUILT_PRODUCTS_DIR; };
		00E1D2D41E8E0704009C500C /* main.m */ = {isa = PBXFileReference; lastKnownFileType = sourcecode.c.objc; path = main.m; sourceTree = "<group>"; };
		00E1D2D61E8E0704009C500C /* AppDelegate.h */ = {isa = PBXFileReference; lastKnownFileType = sourcecode.c.h; path = AppDelegate.h; sourceTree = "<group>"; };
		00E1D2D71E8E0704009C500C /* AppDelegate.m */ = {isa = PBXFileReference; lastKnownFileType = sourcecode.c.objc; path = AppDelegate.m; sourceTree = "<group>"; };
		00E1D2D91E8E0704009C500C /* ViewController.h */ = {isa = PBXFileReference; lastKnownFileType = sourcecode.c.h; path = ViewController.h; sourceTree = "<group>"; };
		00E1D2DA1E8E0704009C500C /* ViewController.m */ = {isa = PBXFileReference; lastKnownFileType = sourcecode.c.objc; path = ViewController.m; sourceTree = "<group>"; };
		00E1D2DD1E8E0704009C500C /* Base */ = {isa = PBXFileReference; lastKnownFileType = file.storyboard; name = Base; path = Base.lproj/Main.storyboard; sourceTree = "<group>"; };
		00E1D2DF1E8E0704009C500C /* Assets.xcassets */ = {isa = PBXFileReference; lastKnownFileType = folder.assetcatalog; path = Assets.xcassets; sourceTree = "<group>"; };
		00E1D2E21E8E0704009C500C /* Base */ = {isa = PBXFileReference; lastKnownFileType = file.storyboard; name = Base; path = Base.lproj/LaunchScreen.storyboard; sourceTree = "<group>"; };
		00E1D2E41E8E0704009C500C /* Info.plist */ = {isa = PBXFileReference; lastKnownFileType = text.plist.xml; path = Info.plist; sourceTree = "<group>"; };
		00E1D2EB1E8E0745009C500C /* KYNetworkManager.h */ = {isa = PBXFileReference; fileEncoding = 4; lastKnownFileType = sourcecode.c.h; path = KYNetworkManager.h; sourceTree = "<group>"; };
		00E1D2EC1E8E0745009C500C /* KYNetworkManager.m */ = {isa = PBXFileReference; fileEncoding = 4; lastKnownFileType = sourcecode.c.objc; path = KYNetworkManager.m; sourceTree = "<group>"; };
		00E1D2EE1E8E08C1009C500C /* KYNetworkCache.h */ = {isa = PBXFileReference; fileEncoding = 4; lastKnownFileType = sourcecode.c.h; path = KYNetworkCache.h; sourceTree = "<group>"; };
		00E1D2EF1E8E08C1009C500C /* KYNetworkCache.m */ = {isa = PBXFileReference; fileEncoding = 4; lastKnownFileType = sourcecode.c.objc; path = KYNetworkCache.m; sourceTree = "<group>"; };
		00E1D2F11E8E38A3009C500C /* KYNetworkLogger.h */ = {isa = PBXFileReference; fileEncoding = 4; lastKnownFileType = sourcecode.c.h; path = KYNetworkLogger.h; sourceTree = "<group>"; };
		00E1D2F21E8E38A3009C500C /* KYNetworkLogger.m */ = {isa = PBXFileReference; fileEncoding = 4; lastKnownFileType = sourcecode.c.objc; path = KYNetworkLogger.m; sourceTree = "<group>"; };
		00E1D2F51E8E3BEA009C500C /* KYNetwork.h */ = {isa = PBXFileReference; fileEncoding = 4; lastKnownFileType = sourcecode.c.h; path = KYNetwork.h; sourceTree = "<group>"; };
		00E1D2F61E8E3D57009C500C /* KYNetworkConfig.h */ = {isa = PBXFileReference; fileEncoding = 4; lastKnownFileType = sourcecode.c.h; path = KYNetworkConfig.h; sourceTree = "<group>"; };
		00E1D2F71E8E3D57009C500C /* KYNetworkConfig.m */ = {isa = PBXFileReference; fileEncoding = 4; lastKnownFileType = sourcecode.c.objc; path = KYNetworkConfig.m; sourceTree = "<group>"; };
		7734EAE4D6E1266EEAB458A1 /* Pods-KYNetworkManager.debug.xcconfig */ = {isa = PBXFileReference; includeInIndex = 1; lastKnownFileType = text.xcconfig; name = "Pods-KYNetworkManager.debug.xcconfig"; path = "Pods/Target Support Files/Pods-KYNetworkManager/Pods-KYNetworkManager.debug.xcconfig"; sourceTree = "<group>"; };
		79209238CA1BE53BD9F6E4BB /* libPods-KYNetworkManager.a */ = {isa = PBXFileReference; explicitFileType = archive.ar; includeInIndex = 0; path = "libPods-KYNetworkManager.a"; sourceTree = BUILT_PRODUCTS_DIR; };
		EBC3F1DD295C0520A4871D61 /* Pods-KYNetworkManager.release.xcconfig */ = {isa = PBXFileReference; includeInIndex = 1; lastKnownFileType = text.xcconfig; name = "Pods-KYNetworkManager.release.xcconfig"; path = "Pods/Target Support Files/Pods-KYNetworkManager/Pods-KYNetworkManager.release.xcconfig"; sourceTree = "<group>"; };
/* End PBXFileReference section */

/* Begin PBXFrameworksBuildPhase section */
		00E1D2CD1E8E0704009C500C /* Frameworks */ = {
			isa = PBXFrameworksBuildPhase;
			buildActionMask = 2147483647;
			files = (
				FDDB250A736C0687C8AA2546 /* libPods-KYNetworkManager.a in Frameworks */,
			);
			runOnlyForDeploymentPostprocessing = 0;
		};
/* End PBXFrameworksBuildPhase section */

/* Begin PBXGroup section */
		00E1D2C71E8E0704009C500C = {
			isa = PBXGroup;
			children = (
				00E1D2D21E8E0704009C500C /* KYNetworkManager */,
				00E1D2D11E8E0704009C500C /* Products */,
				3E5A3248FEE0AB74B1478028 /* Pods */,
				28B391040874E245F98AC06E /* Frameworks */,
			);
			sourceTree = "<group>";
		};
		00E1D2D11E8E0704009C500C /* Products */ = {
			isa = PBXGroup;
			children = (
				00E1D2D01E8E0704009C500C /* KYNetworkManager.app */,
			);
			name = Products;
			sourceTree = "<group>";
		};
		00E1D2D21E8E0704009C500C /* KYNetworkManager */ = {
			isa = PBXGroup;
			children = (
				00E1D2EA1E8E0724009C500C /* KYNetwork */,
				00E1D2D61E8E0704009C500C /* AppDelegate.h */,
				00E1D2D71E8E0704009C500C /* AppDelegate.m */,
				00E1D2D91E8E0704009C500C /* ViewController.h */,
				00E1D2DA1E8E0704009C500C /* ViewController.m */,
				00E1D2DC1E8E0704009C500C /* Main.storyboard */,
				00E1D2DF1E8E0704009C500C /* Assets.xcassets */,
				00E1D2E11E8E0704009C500C /* LaunchScreen.storyboard */,
				00E1D2E41E8E0704009C500C /* Info.plist */,
				00E1D2D31E8E0704009C500C /* Supporting Files */,
			);
			path = KYNetworkManager;
			sourceTree = "<group>";
		};
		00E1D2D31E8E0704009C500C /* Supporting Files */ = {
			isa = PBXGroup;
			children = (
				00E1D2D41E8E0704009C500C /* main.m */,
			);
			name = "Supporting Files";
			sourceTree = "<group>";
		};
		00E1D2EA1E8E0724009C500C /* KYNetwork */ = {
			isa = PBXGroup;
			children = (
				00E1D2EB1E8E0745009C500C /* KYNetworkManager.h */,
				00E1D2EC1E8E0745009C500C /* KYNetworkManager.m */,
				00E1D2EE1E8E08C1009C500C /* KYNetworkCache.h */,
				00E1D2EF1E8E08C1009C500C /* KYNetworkCache.m */,
				00E1D2F11E8E38A3009C500C /* KYNetworkLogger.h */,
				00E1D2F21E8E38A3009C500C /* KYNetworkLogger.m */,
				00E1D2F61E8E3D57009C500C /* KYNetworkConfig.h */,
				00E1D2F71E8E3D57009C500C /* KYNetworkConfig.m */,
				00E1D2F51E8E3BEA009C500C /* KYNetwork.h */,
			);
			name = KYNetwork;
			path = KYNetworkManager;
			sourceTree = "<group>";
		};
		28B391040874E245F98AC06E /* Frameworks */ = {
			isa = PBXGroup;
			children = (
				79209238CA1BE53BD9F6E4BB /* libPods-KYNetworkManager.a */,
			);
			name = Frameworks;
			sourceTree = "<group>";
		};
		3E5A3248FEE0AB74B1478028 /* Pods */ = {
			isa = PBXGroup;
			children = (
				7734EAE4D6E1266EEAB458A1 /* Pods-KYNetworkManager.debug.xcconfig */,
				EBC3F1DD295C0520A4871D61 /* Pods-KYNetworkManager.release.xcconfig */,
			);
			name = Pods;
			sourceTree = "<group>";
		};
/* End PBXGroup section */

/* Begin PBXNativeTarget section */
		00E1D2CF1E8E0704009C500C /* KYNetworkManager */ = {
			isa = PBXNativeTarget;
			buildConfigurationList = 00E1D2E71E8E0704009C500C /* Build configuration list for PBXNativeTarget "KYNetworkManager" */;
			buildPhases = (
				4AFA84D761EA7C476BC4E1A7 /* [CP] Check Pods Manifest.lock */,
				00E1D2CC1E8E0704009C500C /* Sources */,
				00E1D2CD1E8E0704009C500C /* Frameworks */,
				00E1D2CE1E8E0704009C500C /* Resources */,
				EC070FDB81F106C0B15874B7 /* [CP] Embed Pods Frameworks */,
				73ACB64F01A7AB59DC8001EF /* [CP] Copy Pods Resources */,
			);
			buildRules = (
			);
			dependencies = (
			);
			name = KYNetworkManager;
			productName = KYNetworkManager;
			productReference = 00E1D2D01E8E0704009C500C /* KYNetworkManager.app */;
			productType = "com.apple.product-type.application";
		};
/* End PBXNativeTarget section */

/* Begin PBXProject section */
		00E1D2C81E8E0704009C500C /* Project object */ = {
			isa = PBXProject;
			attributes = {
				CLASSPREFIX = KY;
				LastUpgradeCheck = 0820;
				ORGANIZATIONNAME = "Jeffrey hu";
				TargetAttributes = {
					00E1D2CF1E8E0704009C500C = {
						CreatedOnToolsVersion = 8.2.1;
						DevelopmentTeam = KR9G98P8SN;
						ProvisioningStyle = Automatic;
					};
				};
			};
			buildConfigurationList = 00E1D2CB1E8E0704009C500C /* Build configuration list for PBXProject "KYNetworkManager" */;
			compatibilityVersion = "Xcode 3.2";
			developmentRegion = English;
			hasScannedForEncodings = 0;
			knownRegions = (
				en,
				Base,
			);
			mainGroup = 00E1D2C71E8E0704009C500C;
			productRefGroup = 00E1D2D11E8E0704009C500C /* Products */;
			projectDirPath = "";
			projectRoot = "";
			targets = (
				00E1D2CF1E8E0704009C500C /* KYNetworkManager */,
			);
		};
/* End PBXProject section */

/* Begin PBXResourcesBuildPhase section */
		00E1D2CE1E8E0704009C500C /* Resources */ = {
			isa = PBXResourcesBuildPhase;
			buildActionMask = 2147483647;
			files = (
				00E1D2E31E8E0704009C500C /* LaunchScreen.storyboard in Resources */,
				00E1D2E01E8E0704009C500C /* Assets.xcassets in Resources */,
				00E1D2DE1E8E0704009C500C /* Main.storyboard in Resources */,
			);
			runOnlyForDeploymentPostprocessing = 0;
		};
/* End PBXResourcesBuildPhase section */

/* Begin PBXShellScriptBuildPhase section */
		4AFA84D761EA7C476BC4E1A7 /* [CP] Check Pods Manifest.lock */ = {
			isa = PBXShellScriptBuildPhase;
			buildActionMask = 2147483647;
			files = (
			);
			inputPaths = (
			);
			name = "[CP] Check Pods Manifest.lock";
			outputPaths = (
			);
			runOnlyForDeploymentPostprocessing = 0;
			shellPath = /bin/sh;
			shellScript = "diff \"${PODS_PODFILE_DIR_PATH}/Podfile.lock\" \"${PODS_ROOT}/Manifest.lock\" > /dev/null\nif [ $? != 0 ] ; then\n    # print error to STDERR\n    echo \"error: The sandbox is not in sync with the Podfile.lock. Run 'pod install' or update your CocoaPods installation.\" >&2\n    exit 1\nfi\n";
			showEnvVarsInLog = 0;
		};
		73ACB64F01A7AB59DC8001EF /* [CP] Copy Pods Resources */ = {
			isa = PBXShellScriptBuildPhase;
			buildActionMask = 2147483647;
			files = (
			);
			inputPaths = (
			);
			name = "[CP] Copy Pods Resources";
			outputPaths = (
			);
			runOnlyForDeploymentPostprocessing = 0;
			shellPath = /bin/sh;
			shellScript = "\"${SRCROOT}/Pods/Target Support Files/Pods-KYNetworkManager/Pods-KYNetworkManager-resources.sh\"\n";
			showEnvVarsInLog = 0;
		};
		EC070FDB81F106C0B15874B7 /* [CP] Embed Pods Frameworks */ = {
			isa = PBXShellScriptBuildPhase;
			buildActionMask = 2147483647;
			files = (
			);
			inputPaths = (
			);
			name = "[CP] Embed Pods Frameworks";
			outputPaths = (
			);
			runOnlyForDeploymentPostprocessing = 0;
			shellPath = /bin/sh;
			shellScript = "\"${SRCROOT}/Pods/Target Support Files/Pods-KYNetworkManager/Pods-KYNetworkManager-frameworks.sh\"\n";
			showEnvVarsInLog = 0;
		};
/* End PBXShellScriptBuildPhase section */

/* Begin PBXSourcesBuildPhase section */
		00E1D2CC1E8E0704009C500C /* Sources */ = {
			isa = PBXSourcesBuildPhase;
			buildActionMask = 2147483647;
			files = (
				00E1D2DB1E8E0704009C500C /* ViewController.m in Sources */,
				00E1D2F31E8E38A3009C500C /* KYNetworkLogger.m in Sources */,
				00E1D2D81E8E0704009C500C /* AppDelegate.m in Sources */,
				00E1D2F01E8E08C1009C500C /* KYNetworkCache.m in Sources */,
				00E1D2ED1E8E0745009C500C /* KYNetworkManager.m in Sources */,
				00E1D2D51E8E0704009C500C /* main.m in Sources */,
				00E1D2F81E8E3D57009C500C /* KYNetworkConfig.m in Sources */,
			);
			runOnlyForDeploymentPostprocessing = 0;
		};
/* End PBXSourcesBuildPhase section */

/* Begin PBXVariantGroup section */
		00E1D2DC1E8E0704009C500C /* Main.storyboard */ = {
			isa = PBXVariantGroup;
			children = (
				00E1D2DD1E8E0704009C500C /* Base */,
			);
			name = Main.storyboard;
			sourceTree = "<group>";
		};
		00E1D2E11E8E0704009C500C /* LaunchScreen.storyboard */ = {
			isa = PBXVariantGroup;
			children = (
				00E1D2E21E8E0704009C500C /* Base */,
			);
			name = LaunchScreen.storyboard;
			sourceTree = "<group>";
		};
/* End PBXVariantGroup section */

/* Begin XCBuildConfiguration section */
		00E1D2E51E8E0704009C500C /* Debug */ = {
			isa = XCBuildConfiguration;
			buildSettings = {
				ALWAYS_SEARCH_USER_PATHS = NO;
				CLANG_ANALYZER_NONNULL = YES;
				CLANG_CXX_LANGUAGE_STANDARD = "gnu++0x";
				CLANG_CXX_LIBRARY = "libc++";
				CLANG_ENABLE_MODULES = YES;
				CLANG_ENABLE_OBJC_ARC = YES;
				CLANG_WARN_BOOL_CONVERSION = YES;
				CLANG_WARN_CONSTANT_CONVERSION = YES;
				CLANG_WARN_DIRECT_OBJC_ISA_USAGE = YES_ERROR;
				CLANG_WARN_DOCUMENTATION_COMMENTS = YES;
				CLANG_WARN_EMPTY_BODY = YES;
				CLANG_WARN_ENUM_CONVERSION = YES;
				CLANG_WARN_INFINITE_RECURSION = YES;
				CLANG_WARN_INT_CONVERSION = YES;
				CLANG_WARN_OBJC_ROOT_CLASS = YES_ERROR;
				CLANG_WARN_SUSPICIOUS_MOVE = YES;
				CLANG_WARN_UNREACHABLE_CODE = YES;
				CLANG_WARN__DUPLICATE_METHOD_MATCH = YES;
				"CODE_SIGN_IDENTITY[sdk=iphoneos*]" = "iPhone Developer";
				COPY_PHASE_STRIP = NO;
				DEBUG_INFORMATION_FORMAT = dwarf;
				ENABLE_STRICT_OBJC_MSGSEND = YES;
				ENABLE_TESTABILITY = YES;
				GCC_C_LANGUAGE_STANDARD = gnu99;
				GCC_DYNAMIC_NO_PIC = NO;
				GCC_NO_COMMON_BLOCKS = YES;
				GCC_OPTIMIZATION_LEVEL = 0;
				GCC_PREPROCESSOR_DEFINITIONS = (
					"DEBUG=1",
					"$(inherited)",
				);
				GCC_WARN_64_TO_32_BIT_CONVERSION = YES;
				GCC_WARN_ABOUT_RETURN_TYPE = YES_ERROR;
				GCC_WARN_UNDECLARED_SELECTOR = YES;
				GCC_WARN_UNINITIALIZED_AUTOS = YES_AGGRESSIVE;
				GCC_WARN_UNUSED_FUNCTION = YES;
				GCC_WARN_UNUSED_VARIABLE = YES;
				IPHONEOS_DEPLOYMENT_TARGET = 10.2;
				MTL_ENABLE_DEBUG_INFO = YES;
				ONLY_ACTIVE_ARCH = YES;
				SDKROOT = iphoneos;
			};
			name = Debug;
		};
		00E1D2E61E8E0704009C500C /* Release */ = {
			isa = XCBuildConfiguration;
			buildSettings = {
				ALWAYS_SEARCH_USER_PATHS = NO;
				CLANG_ANALYZER_NONNULL = YES;
				CLANG_CXX_LANGUAGE_STANDARD = "gnu++0x";
				CLANG_CXX_LIBRARY = "libc++";
				CLANG_ENABLE_MODULES = YES;
				CLANG_ENABLE_OBJC_ARC = YES;
				CLANG_WARN_BOOL_CONVERSION = YES;
				CLANG_WARN_CONSTANT_CONVERSION = YES;
				CLANG_WARN_DIRECT_OBJC_ISA_USAGE = YES_ERROR;
				CLANG_WARN_DOCUMENTATION_COMMENTS = YES;
				CLANG_WARN_EMPTY_BODY = YES;
				CLANG_WARN_ENUM_CONVERSION = YES;
				CLANG_WARN_INFINITE_RECURSION = YES;
				CLANG_WARN_INT_CONVERSION = YES;
				CLANG_WARN_OBJC_ROOT_CLASS = YES_ERROR;
				CLANG_WARN_SUSPICIOUS_MOVE = YES;
				CLANG_WARN_UNREACHABLE_CODE = YES;
				CLANG_WARN__DUPLICATE_METHOD_MATCH = YES;
				"CODE_SIGN_IDENTITY[sdk=iphoneos*]" = "iPhone Developer";
				COPY_PHASE_STRIP = NO;
				DEBUG_INFORMATION_FORMAT = "dwarf-with-dsym";
				ENABLE_NS_ASSERTIONS = NO;
				ENABLE_STRICT_OBJC_MSGSEND = YES;
				GCC_C_LANGUAGE_STANDARD = gnu99;
				GCC_NO_COMMON_BLOCKS = YES;
				GCC_WARN_64_TO_32_BIT_CONVERSION = YES;
				GCC_WARN_ABOUT_RETURN_TYPE = YES_ERROR;
				GCC_WARN_UNDECLARED_SELECTOR = YES;
				GCC_WARN_UNINITIALIZED_AUTOS = YES_AGGRESSIVE;
				GCC_WARN_UNUSED_FUNCTION = YES;
				GCC_WARN_UNUSED_VARIABLE = YES;
				IPHONEOS_DEPLOYMENT_TARGET = 10.2;
				MTL_ENABLE_DEBUG_INFO = NO;
				SDKROOT = iphoneos;
				VALIDATE_PRODUCT = YES;
			};
			name = Release;
		};
		00E1D2E81E8E0704009C500C /* Debug */ = {
			isa = XCBuildConfiguration;
			baseConfigurationReference = 7734EAE4D6E1266EEAB458A1 /* Pods-KYNetworkManager.debug.xcconfig */;
			buildSettings = {
				ASSETCATALOG_COMPILER_APPICON_NAME = AppIcon;
				DEVELOPMENT_TEAM = KR9G98P8SN;
				INFOPLIST_FILE = KYNetworkManager/Info.plist;
				LD_RUNPATH_SEARCH_PATHS = "$(inherited) @executable_path/Frameworks";
				PRODUCT_BUNDLE_IDENTIFIER = co.CareVoice.KYNetworkManager;
				PRODUCT_NAME = "$(TARGET_NAME)";
			};
			name = Debug;
		};
		00E1D2E91E8E0704009C500C /* Release */ = {
			isa = XCBuildConfiguration;
			baseConfigurationReference = EBC3F1DD295C0520A4871D61 /* Pods-KYNetworkManager.release.xcconfig */;
			buildSettings = {
				ASSETCATALOG_COMPILER_APPICON_NAME = AppIcon;
				DEVELOPMENT_TEAM = KR9G98P8SN;
				INFOPLIST_FILE = KYNetworkManager/Info.plist;
				LD_RUNPATH_SEARCH_PATHS = "$(inherited) @executable_path/Frameworks";
				PRODUCT_BUNDLE_IDENTIFIER = co.CareVoice.KYNetworkManager;
				PRODUCT_NAME = "$(TARGET_NAME)";
			};
			name = Release;
		};
/* End XCBuildConfiguration section */

/* Begin XCConfigurationList section */
		00E1D2CB1E8E0704009C500C /* Build configuration list for PBXProject "KYNetworkManager" */ = {
			isa = XCConfigurationList;
			buildConfigurations = (
				00E1D2E51E8E0704009C500C /* Debug */,
				00E1D2E61E8E0704009C500C /* Release */,
			);
			defaultConfigurationIsVisible = 0;
			defaultConfigurationName = Release;
		};
		00E1D2E71E8E0704009C500C /* Build configuration list for PBXNativeTarget "KYNetworkManager" */ = {
			isa = XCConfigurationList;
			buildConfigurations = (
				00E1D2E81E8E0704009C500C /* Debug */,
				00E1D2E91E8E0704009C500C /* Release */,
			);
			defaultConfigurationIsVisible = 0;
			defaultConfigurationName = Release;
		};
/* End XCConfigurationList section */
	};
	rootObject = 00E1D2C81E8E0704009C500C /* Project object */;
}
